
Microsoft Visual Studio Solution File, Format Version 11.00
# Visual Studio 2010
Project("{FAE04EC0-301F-11D3-BF4B-00C04F79EFBC}") = "Assembly-CSharp", "Assembly-CSharp.csproj", "{F5C5C89D-1947-F194-D5F3-41A4D9C6AA58}"
EndProject
Project("{FAE04EC0-301F-11D3-BF4B-00C04F79EFBC}") = "Assembly-CSharp-firstpass", "Assembly-CSharp-firstpass.csproj", "{E0BA7075-4481-1B93-07A2-161439F72461}"
EndProject
Project("{FAE04EC0-301F-11D3-BF4B-00C04F79EFBC}") = "Assembly-CSharp-Editor-firstpass", "Assembly-CSharp-Editor-firstpass.csproj", "{E2DBCC84-3CA1-E827-C65B-A7EE08150739}"
EndProject
Global
	GlobalSection(SolutionConfigurationPlatforms) = preSolution
		Debug|Any CPU = Debug|Any CPU
		Release|Any CPU = Release|Any CPU
	EndGlobalSection
	GlobalSection(ProjectConfigurationPlatforms) = postSolution
		{F5C5C89D-1947-F194-D5F3-41A4D9C6AA58}.Debug|Any CPU.ActiveCfg = Debug|Any CPU
		{F5C5C89D-1947-F194-D5F3-41A4D9C6AA58}.Debug|Any CPU.Build.0 = Debug|Any CPU
		{F5C5C89D-1947-F194-D5F3-41A4D9C6AA58}.Release|Any CPU.ActiveCfg = Release|Any CPU
		{F5C5C89D-1947-F194-D5F3-41A4D9C6AA58}.Release|Any CPU.Build.0 = Release|Any CPU
		{E0BA7075-4481-1B93-07A2-161439F72461}.Debug|Any CPU.ActiveCfg = Debug|Any CPU
		{E0BA7075-4481-1B93-07A2-161439F72461}.Debug|Any CPU.Build.0 = Debug|Any CPU
		{E0BA7075-4481-1B93-07A2-161439F72461}.Release|Any CPU.ActiveCfg = Release|Any CPU
		{E0BA7075-4481-1B93-07A2-161439F72461}.Release|Any CPU.Build.0 = Release|Any CPU
		{E2DBCC84-3CA1-E827-C65B-A7EE08150739}.Debug|Any CPU.ActiveCfg = Debug|Any CPU
		{E2DBCC84-3CA1-E827-C65B-A7EE08150739}.Debug|Any CPU.Build.0 = Debug|Any CPU
		{E2DBCC84-3CA1-E827-C65B-A7EE08150739}.Release|Any CPU.ActiveCfg = Release|Any CPU
		{E2DBCC84-3CA1-E827-C65B-A7EE08150739}.Release|Any CPU.Build.0 = Release|Any CPU
	EndGlobalSection
	GlobalSection(SolutionProperties) = preSolution
		HideSolutionNode = FALSE
	EndGlobalSection
	GlobalSection(MonoDevelopProperties) = preSolution
		StartupItem = Assembly-CSharp.csproj
	EndGlobalSection
EndGlobal
